
Microsoft Visual Studio Solution File, Format Version 12.00
# Visual Studio Version 17
VisualStudioVersion = 17.13.35919.96
MinimumVisualStudioVersion = 10.0.40219.1
Project("{FAE04EC0-301F-11D3-BF4B-00C04F79EFBC}") = "CryptoPortfolioApp", "CryptoPortfolioApp\CryptoPortfolioApp.csproj", "{6C66C15D-097C-4DA6-85C8-45B150286C91}"
EndProject
Project("{FAE04EC0-301F-11D3-BF4B-00C04F79EFBC}") = "CryptoPortfolioApp.Tests", "CryptoPortfolioApp.Tests\CryptoPortfolioApp.Tests.csproj", "{AF738662-194F-46E5-956E-9FE8A7261E7E}"
EndProject
Global
	GlobalSection(SolutionConfigurationPlatforms) = preSolution
		Debug|Any CPU = Debug|Any CPU
		Release|Any CPU = Release|Any CPU
	EndGlobalSection
	GlobalSection(ProjectConfigurationPlatforms) = postSolution
		{6C66C15D-097C-4DA6-85C8-45B150286C91}.Debug|Any CPU.ActiveCfg = Debug|Any CPU
		{6C66C15D-097C-4DA6-85C8-45B150286C91}.Debug|Any CPU.Build.0 = Debug|Any CPU
		{6C66C15D-097C-4DA6-85C8-45B150286C91}.Release|Any CPU.ActiveCfg = Release|Any CPU
		{6C66C15D-097C-4DA6-85C8-45B150286C91}.Release|Any CPU.Build.0 = Release|Any CPU
		{AF738662-194F-46E5-956E-9FE8A7261E7E}.Debug|Any CPU.ActiveCfg = Debug|Any CPU
		{AF738662-194F-46E5-956E-9FE8A7261E7E}.Debug|Any CPU.Build.0 = Debug|Any CPU
		{AF738662-194F-46E5-956E-9FE8A7261E7E}.Release|Any CPU.ActiveCfg = Release|Any CPU
		{AF738662-194F-46E5-956E-9FE8A7261E7E}.Release|Any CPU.Build.0 = Release|Any CPU
	EndGlobalSection
	GlobalSection(SolutionProperties) = preSolution
		HideSolutionNode = FALSE
	EndGlobalSection
	GlobalSection(ExtensibilityGlobals) = postSolution
		SolutionGuid = {2C1BC6CE-0CB9-4CE8-B744-D2A29F40605A}
	EndGlobalSection
EndGlobal
